
Microsoft Visual Studio Solution File, Format Version 12.00
# Visual Studio Version 17
VisualStudioVersion = 17.7.34031.279
MinimumVisualStudioVersion = 10.0.40219.1
Project("{FAE04EC0-301F-11D3-BF4B-00C04F79EFBC}") = "BookStoreWebAPI", "BookStoreWebAPI\BookStoreWebAPI.csproj", "{40F7AB4A-DFFE-49C0-9E6B-717424ECA58A}"
EndProject
Project("{FAE04EC0-301F-11D3-BF4B-00C04F79EFBC}") = "RepositoryLayer", "RepositoryLayer\RepositoryLayer.csproj", "{86AA1BD2-F5AA-46A1-92B3-5E7AD9A8EDCC}"
EndProject
Project("{FAE04EC0-301F-11D3-BF4B-00C04F79EFBC}") = "BusinessLayer", "BusinessLayer\BusinessLayer.csproj", "{461E28E5-668D-477F-B93A-AB51A80C935F}"
EndProject
Project("{FAE04EC0-301F-11D3-BF4B-00C04F79EFBC}") = "ModelLayer", "ModelLayer\ModelLayer.csproj", "{4826B9D4-AE69-4F21-B745-E29939E273E0}"
EndProject
Global
	GlobalSection(SolutionConfigurationPlatforms) = preSolution
		Debug|Any CPU = Debug|Any CPU
		Release|Any CPU = Release|Any CPU
	EndGlobalSection
	GlobalSection(ProjectConfigurationPlatforms) = postSolution
		{40F7AB4A-DFFE-49C0-9E6B-717424ECA58A}.Debug|Any CPU.ActiveCfg = Debug|Any CPU
		{40F7AB4A-DFFE-49C0-9E6B-717424ECA58A}.Debug|Any CPU.Build.0 = Debug|Any CPU
		{40F7AB4A-DFFE-49C0-9E6B-717424ECA58A}.Release|Any CPU.ActiveCfg = Release|Any CPU
		{40F7AB4A-DFFE-49C0-9E6B-717424ECA58A}.Release|Any CPU.Build.0 = Release|Any CPU
		{86AA1BD2-F5AA-46A1-92B3-5E7AD9A8EDCC}.Debug|Any CPU.ActiveCfg = Debug|Any CPU
		{86AA1BD2-F5AA-46A1-92B3-5E7AD9A8EDCC}.Debug|Any CPU.Build.0 = Debug|Any CPU
		{86AA1BD2-F5AA-46A1-92B3-5E7AD9A8EDCC}.Release|Any CPU.ActiveCfg = Release|Any CPU
		{86AA1BD2-F5AA-46A1-92B3-5E7AD9A8EDCC}.Release|Any CPU.Build.0 = Release|Any CPU
		{461E28E5-668D-477F-B93A-AB51A80C935F}.Debug|Any CPU.ActiveCfg = Debug|Any CPU
		{461E28E5-668D-477F-B93A-AB51A80C935F}.Debug|Any CPU.Build.0 = Debug|Any CPU
		{461E28E5-668D-477F-B93A-AB51A80C935F}.Release|Any CPU.ActiveCfg = Release|Any CPU
		{461E28E5-668D-477F-B93A-AB51A80C935F}.Release|Any CPU.Build.0 = Release|Any CPU
		{4826B9D4-AE69-4F21-B745-E29939E273E0}.Debug|Any CPU.ActiveCfg = Debug|Any CPU
		{4826B9D4-AE69-4F21-B745-E29939E273E0}.Debug|Any CPU.Build.0 = Debug|Any CPU
		{4826B9D4-AE69-4F21-B745-E29939E273E0}.Release|Any CPU.ActiveCfg = Release|Any CPU
		{4826B9D4-AE69-4F21-B745-E29939E273E0}.Release|Any CPU.Build.0 = Release|Any CPU
	EndGlobalSection
	GlobalSection(SolutionProperties) = preSolution
		HideSolutionNode = FALSE
	EndGlobalSection
	GlobalSection(ExtensibilityGlobals) = postSolution
		SolutionGuid = {2326EDD0-3DEE-45A6-9341-552FC3CFA4AB}
	EndGlobalSection
EndGlobal
